
Microsoft Visual Studio Solution File, Format Version 12.00
# Visual Studio Version 17
VisualStudioVersion = 17.14.36221.1 d17.14
MinimumVisualStudioVersion = 10.0.40219.1
Project("{FAE04EC0-301F-11D3-BF4B-00C04F79EFBC}") = "GITPracitice", "GITPracitice.csproj", "{EC3385C8-B2BD-4C68-903F-1C6E40ED89BB}"
EndProject
Global
	GlobalSection(SolutionConfigurationPlatforms) = preSolution
		Debug|Any CPU = Debug|Any CPU
		Release|Any CPU = Release|Any CPU
	EndGlobalSection
	GlobalSection(ProjectConfigurationPlatforms) = postSolution
		{EC3385C8-B2BD-4C68-903F-1C6E40ED89BB}.Debug|Any CPU.ActiveCfg = Debug|Any CPU
		{EC3385C8-B2BD-4C68-903F-1C6E40ED89BB}.Debug|Any CPU.Build.0 = Debug|Any CPU
		{EC3385C8-B2BD-4C68-903F-1C6E40ED89BB}.Release|Any CPU.ActiveCfg = Release|Any CPU
		{EC3385C8-B2BD-4C68-903F-1C6E40ED89BB}.Release|Any CPU.Build.0 = Release|Any CPU
	EndGlobalSection
	GlobalSection(SolutionProperties) = preSolution
		HideSolutionNode = FALSE
	EndGlobalSection
	GlobalSection(ExtensibilityGlobals) = postSolution
		SolutionGuid = {EDE08691-2536-4FDC-9446-02D517A888AC}
	EndGlobalSection
EndGlobal
